
Microsoft Visual Studio Solution File, Format Version 12.00
# Visual Studio Version 16
VisualStudioVersion = 16.0.31321.278
MinimumVisualStudioVersion = 10.0.40219.1
Project("{9A19103F-16F7-4668-BE54-9A1E7A4F7556}") = "SimpleConsoleApp", "SimpleConsoleApp\SimpleConsoleApp.csproj", "{ACD230CD-2616-462C-963F-A31FED29FD13}"
EndProject
Project("{FAE04EC0-301F-11D3-BF4B-00C04F79EFBC}") = "SimpleTest", "SimpleTest\SimpleTest.csproj", "{B1CAA758-4D8F-4D60-8747-E4F781B832F9}"
EndProject
Global
	GlobalSection(SolutionConfigurationPlatforms) = preSolution
		Debug|Any CPU = Debug|Any CPU
		Release|Any CPU = Release|Any CPU
	EndGlobalSection
	GlobalSection(ProjectConfigurationPlatforms) = postSolution
		{ACD230CD-2616-462C-963F-A31FED29FD13}.Debug|Any CPU.ActiveCfg = Debug|Any CPU
		{ACD230CD-2616-462C-963F-A31FED29FD13}.Debug|Any CPU.Build.0 = Debug|Any CPU
		{ACD230CD-2616-462C-963F-A31FED29FD13}.Release|Any CPU.ActiveCfg = Release|Any CPU
		{ACD230CD-2616-462C-963F-A31FED29FD13}.Release|Any CPU.Build.0 = Release|Any CPU
		{B1CAA758-4D8F-4D60-8747-E4F781B832F9}.Debug|Any CPU.ActiveCfg = Debug|Any CPU
		{B1CAA758-4D8F-4D60-8747-E4F781B832F9}.Debug|Any CPU.Build.0 = Debug|Any CPU
		{B1CAA758-4D8F-4D60-8747-E4F781B832F9}.Release|Any CPU.ActiveCfg = Release|Any CPU
		{B1CAA758-4D8F-4D60-8747-E4F781B832F9}.Release|Any CPU.Build.0 = Release|Any CPU
	EndGlobalSection
	GlobalSection(SolutionProperties) = preSolution
		HideSolutionNode = FALSE
	EndGlobalSection
	GlobalSection(ExtensibilityGlobals) = postSolution
		SolutionGuid = {CDE21D2B-9BB2-4539-9867-248482CD2BCE}
	EndGlobalSection
EndGlobal
